
Microsoft Visual Studio Solution File, Format Version 12.00
# Visual Studio Version 16
VisualStudioVersion = 16.0.31424.327
MinimumVisualStudioVersion = 10.0.40219.1
Project("{9A19103F-16F7-4668-BE54-9A1E7A4F7556}") = "Factory Method", "Creational Patterns\Factory Method\Factory Method.csproj", "{B1E496DD-F22D-4393-920F-01611FCC5F52}"
EndProject
Project("{9A19103F-16F7-4668-BE54-9A1E7A4F7556}") = "Abstract Factory", "Creational Patterns\Abstract Factory\Abstract Factory.csproj", "{E4A7D0D0-826B-4CC7-AF2B-F224BE21E512}"
EndProject
Project("{9A19103F-16F7-4668-BE54-9A1E7A4F7556}") = "Builder", "Creational Patterns\Builder\Builder.csproj", "{F5CA7EF0-A86E-4B12-ADA4-BD3D2908A76F}"
EndProject
Project("{9A19103F-16F7-4668-BE54-9A1E7A4F7556}") = "Prototype", "Creational Patterns\Prototype\Prototype.csproj", "{20141426-71FF-46C3-B4F9-5391B4CDE5AC}"
EndProject
Project("{2150E333-8FDC-42A3-9474-1A3956D46DE8}") = "Creational Patterns", "Creational Patterns", "{3249828C-3537-46A5-B5E5-D4A28445E98E}"
EndProject
Project("{9A19103F-16F7-4668-BE54-9A1E7A4F7556}") = "Singletone", "Creational Patterns\Singletone\Singletone.csproj", "{CFF7881C-71E1-4A61-82ED-C8702AE5EE63}"
EndProject
Project("{2150E333-8FDC-42A3-9474-1A3956D46DE8}") = "Solution Items", "Solution Items", "{18CC6724-AFA8-40C1-A3A8-B5DA479AA19E}"
	ProjectSection(SolutionItems) = preProject
		README.md = README.md
	EndProjectSection
EndProject
Project("{2150E333-8FDC-42A3-9474-1A3956D46DE8}") = "Structural Patterns", "Structural Patterns", "{6883E11B-A2C3-4152-A3E9-9A5ABC99D810}"
EndProject
Project("{9A19103F-16F7-4668-BE54-9A1E7A4F7556}") = "Adapter", "Structural Patterns\Adapter\Adapter.csproj", "{2B9477DC-C7FE-440B-9A63-94C3697023F3}"
EndProject
Project("{9A19103F-16F7-4668-BE54-9A1E7A4F7556}") = "Bridge", "Structural Patterns\Bridge\Bridge.csproj", "{B53F0A86-BAF4-47AB-9725-DBCB21D97DF1}"
EndProject
Project("{9A19103F-16F7-4668-BE54-9A1E7A4F7556}") = "Composite", "Structural Patterns\Composite\Composite.csproj", "{08E6EFCE-D218-4971-B354-B5C3D9528C8F}"
EndProject
Project("{FAE04EC0-301F-11D3-BF4B-00C04F79EFBC}") = "Decorator", "Structural Patterns\Decorator\Decorator.csproj", "{13AD966C-FBC4-4CA4-968D-27AF53482B0A}"
EndProject
Project("{FAE04EC0-301F-11D3-BF4B-00C04F79EFBC}") = "Facade", "Structural Patterns\Facade\Facade.csproj", "{F239A94E-7209-43EA-B988-1BB78E0BB683}"
EndProject
Project("{FAE04EC0-301F-11D3-BF4B-00C04F79EFBC}") = "Flyweight", "Structural Patterns\Flyweight\Flyweight.csproj", "{94C7825E-A4E3-46F3-BF6F-1A83FF248834}"
EndProject
Project("{FAE04EC0-301F-11D3-BF4B-00C04F79EFBC}") = "Proxy", "Structural Patterns\Proxy\Proxy.csproj", "{2D229449-E31C-40A6-8932-E2C5EBC4A605}"
EndProject
Global
	GlobalSection(SolutionConfigurationPlatforms) = preSolution
		Debug|Any CPU = Debug|Any CPU
		Release|Any CPU = Release|Any CPU
	EndGlobalSection
	GlobalSection(ProjectConfigurationPlatforms) = postSolution
		{B1E496DD-F22D-4393-920F-01611FCC5F52}.Debug|Any CPU.ActiveCfg = Debug|Any CPU
		{B1E496DD-F22D-4393-920F-01611FCC5F52}.Debug|Any CPU.Build.0 = Debug|Any CPU
		{B1E496DD-F22D-4393-920F-01611FCC5F52}.Release|Any CPU.ActiveCfg = Release|Any CPU
		{B1E496DD-F22D-4393-920F-01611FCC5F52}.Release|Any CPU.Build.0 = Release|Any CPU
		{E4A7D0D0-826B-4CC7-AF2B-F224BE21E512}.Debug|Any CPU.ActiveCfg = Debug|Any CPU
		{E4A7D0D0-826B-4CC7-AF2B-F224BE21E512}.Debug|Any CPU.Build.0 = Debug|Any CPU
		{E4A7D0D0-826B-4CC7-AF2B-F224BE21E512}.Release|Any CPU.ActiveCfg = Release|Any CPU
		{E4A7D0D0-826B-4CC7-AF2B-F224BE21E512}.Release|Any CPU.Build.0 = Release|Any CPU
		{F5CA7EF0-A86E-4B12-ADA4-BD3D2908A76F}.Debug|Any CPU.ActiveCfg = Debug|Any CPU
		{F5CA7EF0-A86E-4B12-ADA4-BD3D2908A76F}.Debug|Any CPU.Build.0 = Debug|Any CPU
		{F5CA7EF0-A86E-4B12-ADA4-BD3D2908A76F}.Release|Any CPU.ActiveCfg = Release|Any CPU
		{F5CA7EF0-A86E-4B12-ADA4-BD3D2908A76F}.Release|Any CPU.Build.0 = Release|Any CPU
		{20141426-71FF-46C3-B4F9-5391B4CDE5AC}.Debug|Any CPU.ActiveCfg = Debug|Any CPU
		{20141426-71FF-46C3-B4F9-5391B4CDE5AC}.Debug|Any CPU.Build.0 = Debug|Any CPU
		{20141426-71FF-46C3-B4F9-5391B4CDE5AC}.Release|Any CPU.ActiveCfg = Release|Any CPU
		{20141426-71FF-46C3-B4F9-5391B4CDE5AC}.Release|Any CPU.Build.0 = Release|Any CPU
		{CFF7881C-71E1-4A61-82ED-C8702AE5EE63}.Debug|Any CPU.ActiveCfg = Debug|Any CPU
		{CFF7881C-71E1-4A61-82ED-C8702AE5EE63}.Debug|Any CPU.Build.0 = Debug|Any CPU
		{CFF7881C-71E1-4A61-82ED-C8702AE5EE63}.Release|Any CPU.ActiveCfg = Release|Any CPU
		{CFF7881C-71E1-4A61-82ED-C8702AE5EE63}.Release|Any CPU.Build.0 = Release|Any CPU
		{2B9477DC-C7FE-440B-9A63-94C3697023F3}.Debug|Any CPU.ActiveCfg = Debug|Any CPU
		{2B9477DC-C7FE-440B-9A63-94C3697023F3}.Debug|Any CPU.Build.0 = Debug|Any CPU
		{2B9477DC-C7FE-440B-9A63-94C3697023F3}.Release|Any CPU.ActiveCfg = Release|Any CPU
		{2B9477DC-C7FE-440B-9A63-94C3697023F3}.Release|Any CPU.Build.0 = Release|Any CPU
		{B53F0A86-BAF4-47AB-9725-DBCB21D97DF1}.Debug|Any CPU.ActiveCfg = Debug|Any CPU
		{B53F0A86-BAF4-47AB-9725-DBCB21D97DF1}.Debug|Any CPU.Build.0 = Debug|Any CPU
		{B53F0A86-BAF4-47AB-9725-DBCB21D97DF1}.Release|Any CPU.ActiveCfg = Release|Any CPU
		{B53F0A86-BAF4-47AB-9725-DBCB21D97DF1}.Release|Any CPU.Build.0 = Release|Any CPU
		{08E6EFCE-D218-4971-B354-B5C3D9528C8F}.Debug|Any CPU.ActiveCfg = Debug|Any CPU
		{08E6EFCE-D218-4971-B354-B5C3D9528C8F}.Debug|Any CPU.Build.0 = Debug|Any CPU
		{08E6EFCE-D218-4971-B354-B5C3D9528C8F}.Release|Any CPU.ActiveCfg = Release|Any CPU
		{08E6EFCE-D218-4971-B354-B5C3D9528C8F}.Release|Any CPU.Build.0 = Release|Any CPU
		{13AD966C-FBC4-4CA4-968D-27AF53482B0A}.Debug|Any CPU.ActiveCfg = Debug|Any CPU
		{13AD966C-FBC4-4CA4-968D-27AF53482B0A}.Debug|Any CPU.Build.0 = Debug|Any CPU
		{13AD966C-FBC4-4CA4-968D-27AF53482B0A}.Release|Any CPU.ActiveCfg = Release|Any CPU
		{13AD966C-FBC4-4CA4-968D-27AF53482B0A}.Release|Any CPU.Build.0 = Release|Any CPU
		{F239A94E-7209-43EA-B988-1BB78E0BB683}.Debug|Any CPU.ActiveCfg = Debug|Any CPU
		{F239A94E-7209-43EA-B988-1BB78E0BB683}.Debug|Any CPU.Build.0 = Debug|Any CPU
		{F239A94E-7209-43EA-B988-1BB78E0BB683}.Release|Any CPU.ActiveCfg = Release|Any CPU
		{F239A94E-7209-43EA-B988-1BB78E0BB683}.Release|Any CPU.Build.0 = Release|Any CPU
		{94C7825E-A4E3-46F3-BF6F-1A83FF248834}.Debug|Any CPU.ActiveCfg = Debug|Any CPU
		{94C7825E-A4E3-46F3-BF6F-1A83FF248834}.Debug|Any CPU.Build.0 = Debug|Any CPU
		{94C7825E-A4E3-46F3-BF6F-1A83FF248834}.Release|Any CPU.ActiveCfg = Release|Any CPU
		{94C7825E-A4E3-46F3-BF6F-1A83FF248834}.Release|Any CPU.Build.0 = Release|Any CPU
		{2D229449-E31C-40A6-8932-E2C5EBC4A605}.Debug|Any CPU.ActiveCfg = Debug|Any CPU
		{2D229449-E31C-40A6-8932-E2C5EBC4A605}.Debug|Any CPU.Build.0 = Debug|Any CPU
		{2D229449-E31C-40A6-8932-E2C5EBC4A605}.Release|Any CPU.ActiveCfg = Release|Any CPU
		{2D229449-E31C-40A6-8932-E2C5EBC4A605}.Release|Any CPU.Build.0 = Release|Any CPU
	EndGlobalSection
	GlobalSection(SolutionProperties) = preSolution
		HideSolutionNode = FALSE
	EndGlobalSection
	GlobalSection(NestedProjects) = preSolution
		{B1E496DD-F22D-4393-920F-01611FCC5F52} = {3249828C-3537-46A5-B5E5-D4A28445E98E}
		{E4A7D0D0-826B-4CC7-AF2B-F224BE21E512} = {3249828C-3537-46A5-B5E5-D4A28445E98E}
		{F5CA7EF0-A86E-4B12-ADA4-BD3D2908A76F} = {3249828C-3537-46A5-B5E5-D4A28445E98E}
		{20141426-71FF-46C3-B4F9-5391B4CDE5AC} = {3249828C-3537-46A5-B5E5-D4A28445E98E}
		{CFF7881C-71E1-4A61-82ED-C8702AE5EE63} = {3249828C-3537-46A5-B5E5-D4A28445E98E}
		{2B9477DC-C7FE-440B-9A63-94C3697023F3} = {6883E11B-A2C3-4152-A3E9-9A5ABC99D810}
		{B53F0A86-BAF4-47AB-9725-DBCB21D97DF1} = {6883E11B-A2C3-4152-A3E9-9A5ABC99D810}
		{08E6EFCE-D218-4971-B354-B5C3D9528C8F} = {6883E11B-A2C3-4152-A3E9-9A5ABC99D810}
		{13AD966C-FBC4-4CA4-968D-27AF53482B0A} = {6883E11B-A2C3-4152-A3E9-9A5ABC99D810}
		{F239A94E-7209-43EA-B988-1BB78E0BB683} = {6883E11B-A2C3-4152-A3E9-9A5ABC99D810}
		{94C7825E-A4E3-46F3-BF6F-1A83FF248834} = {6883E11B-A2C3-4152-A3E9-9A5ABC99D810}
		{2D229449-E31C-40A6-8932-E2C5EBC4A605} = {6883E11B-A2C3-4152-A3E9-9A5ABC99D810}
	EndGlobalSection
	GlobalSection(ExtensibilityGlobals) = postSolution
		SolutionGuid = {CB3A3604-19F8-43E4-9AB2-47EC383340B1}
	EndGlobalSection
EndGlobal
